
Microsoft Visual Studio Solution File, Format Version 12.00
# Visual Studio Version 16
VisualStudioVersion = 16.0.31129.286
MinimumVisualStudioVersion = 10.0.40219.1
Project("{9A19103F-16F7-4668-BE54-9A1E7A4F7556}") = "Api", "Api\Api.csproj", "{F3B80C58-FE42-4E32-8329-9F0394F1CB9A}"
EndProject
Global
	GlobalSection(SolutionConfigurationPlatforms) = preSolution
		Debug|Any CPU = Debug|Any CPU
		Release|Any CPU = Release|Any CPU
	EndGlobalSection
	GlobalSection(ProjectConfigurationPlatforms) = postSolution
		{F3B80C58-FE42-4E32-8329-9F0394F1CB9A}.Debug|Any CPU.ActiveCfg = Debug|Any CPU
		{F3B80C58-FE42-4E32-8329-9F0394F1CB9A}.Debug|Any CPU.Build.0 = Debug|Any CPU
		{F3B80C58-FE42-4E32-8329-9F0394F1CB9A}.Release|Any CPU.ActiveCfg = Release|Any CPU
		{F3B80C58-FE42-4E32-8329-9F0394F1CB9A}.Release|Any CPU.Build.0 = Release|Any CPU
	EndGlobalSection
	GlobalSection(SolutionProperties) = preSolution
		HideSolutionNode = FALSE
	EndGlobalSection
	GlobalSection(ExtensibilityGlobals) = postSolution
		SolutionGuid = {CD7D0599-E42D-4297-AC8B-5478869AF130}
	EndGlobalSection
EndGlobal
